
Microsoft Visual Studio Solution File, Format Version 12.00
# Visual Studio 2013
VisualStudioVersion = 12.0.21005.1
MinimumVisualStudioVersion = 10.0.40219.1
Project("{CAA73BB0-EF22-4D79-A57E-DF67B3BA9C80}") = "SitecoreMobileTDS_CorePackage", "SitecoreMobileTDS_70_CorePackage\SitecoreMobileTDS_CorePackage.scproj", "{19C807FF-D182-4A74-AA15-EF305527F672}"
EndProject
Project("{CAA73BB0-EF22-4D79-A57E-DF67B3BA9C80}") = "SitecoreMobileTDS_ContentPackage", "SitecoreMobileTDS_70_ContentPackage\SitecoreMobileTDS_ContentPackage.scproj", "{84052102-8FEA-41C4-87F3-20346E07C424}"
EndProject
Global
	GlobalSection(TeamFoundationVersionControl) = preSolution
		SccNumberOfProjects = 3
		SccEnterpriseProvider = {4CA58AB2-18FA-4F8D-95D4-32DDF27D184C}
		SccTeamFoundationServer = https://dmositecore000.visualstudio.com/defaultcollection
		SccLocalPath0 = .
		SccProjectUniqueName1 = SitecoreMobileTDS_70_CorePackage\\SitecoreMobileTDS_CorePackage.scproj
		SccProjectName1 = SitecoreMobileTDS_70_CorePackage
		SccLocalPath1 = SitecoreMobileTDS_70_CorePackage
		SccProjectUniqueName2 = SitecoreMobileTDS_70_ContentPackage\\SitecoreMobileTDS_ContentPackage.scproj
		SccProjectName2 = SitecoreMobileTDS_70_ContentPackage
		SccLocalPath2 = SitecoreMobileTDS_70_ContentPackage
	EndGlobalSection
	GlobalSection(SolutionConfigurationPlatforms) = preSolution
		Debug|Any CPU = Debug|Any CPU
		Release|Any CPU = Release|Any CPU
	EndGlobalSection
	GlobalSection(ProjectConfigurationPlatforms) = postSolution
		{19C807FF-D182-4A74-AA15-EF305527F672}.Debug|Any CPU.ActiveCfg = Debug|Any CPU
		{19C807FF-D182-4A74-AA15-EF305527F672}.Debug|Any CPU.Build.0 = Debug|Any CPU
		{19C807FF-D182-4A74-AA15-EF305527F672}.Debug|Any CPU.Deploy.0 = Debug|Any CPU
		{19C807FF-D182-4A74-AA15-EF305527F672}.Release|Any CPU.ActiveCfg = Release|Any CPU
		{19C807FF-D182-4A74-AA15-EF305527F672}.Release|Any CPU.Build.0 = Release|Any CPU
		{19C807FF-D182-4A74-AA15-EF305527F672}.Release|Any CPU.Deploy.0 = Release|Any CPU
		{84052102-8FEA-41C4-87F3-20346E07C424}.Debug|Any CPU.ActiveCfg = Debug|Any CPU
		{84052102-8FEA-41C4-87F3-20346E07C424}.Debug|Any CPU.Build.0 = Debug|Any CPU
		{84052102-8FEA-41C4-87F3-20346E07C424}.Debug|Any CPU.Deploy.0 = Debug|Any CPU
		{84052102-8FEA-41C4-87F3-20346E07C424}.Release|Any CPU.ActiveCfg = Release|Any CPU
		{84052102-8FEA-41C4-87F3-20346E07C424}.Release|Any CPU.Build.0 = Release|Any CPU
		{84052102-8FEA-41C4-87F3-20346E07C424}.Release|Any CPU.Deploy.0 = Release|Any CPU
	EndGlobalSection
	GlobalSection(SolutionProperties) = preSolution
		HideSolutionNode = FALSE
	EndGlobalSection
EndGlobal
